// !$*UTF8*$!
{
	archiveVersion = 1;
	classes = {
	};
	objectVersion = 56;
	objects = {

/* Begin PBXBuildFile section */
		03FA7B28589CF492CC97924C /* AddSourceView.swift in Sources */ = {isa = PBXBuildFile; fileRef = E3B8D35015B029EB3C717C3D /* AddSourceView.swift */; };
		18BE0E1D854B7320356873DA /* GhostStreamApp.swift in Sources */ = {isa = PBXBuildFile; fileRef = 5BCB2816522A6FCAB2F84E27 /* GhostStreamApp.swift */; };
		2B8C31B60A05F3407C35F959 /* Models.swift in Sources */ = {isa = PBXBuildFile; fileRef = 91BB7AD5BE44512920CD5812 /* Models.swift */; };
		4F57F14E413232F6762F76E7 /* SourceStore.swift in Sources */ = {isa = PBXBuildFile; fileRef = 58DADF4F1AC2BD60DF42DEBC /* SourceStore.swift */; };
		692EC077804DA7D260F15CDB /* PlayerView.swift in Sources */ = {isa = PBXBuildFile; fileRef = EE9E66AA3FCE026147ED046E /* PlayerView.swift */; };
		6EC61BAC065F1070F661FCB0 /* EPGService.swift in Sources */ = {isa = PBXBuildFile; fileRef = 1256E40E36F186CC87D976A5 /* EPGService.swift */; };
		7235D49FF354FDAEE68BBE3A /* M3UParser.swift in Sources */ = {isa = PBXBuildFile; fileRef = 0116864A4991DFFC41B27342 /* M3UParser.swift */; };
		7F541BB7BBCE1C0E2C548264 /* Assets.xcassets in Resources */ = {isa = PBXBuildFile; fileRef = 8B40A3F1CAC9ADB66B78DD5C /* Assets.xcassets */; };
		87E8A9D4E606AF8886128593 /* SettingsView.swift in Sources */ = {isa = PBXBuildFile; fileRef = FCEE4B0ED57BB0051A743DCC /* SettingsView.swift */; };
		9522E524FCA2A4755A9C620A /* XMLTVParser.swift in Sources */ = {isa = PBXBuildFile; fileRef = AEBD7ABF0B189310FBC1620B /* XMLTVParser.swift */; };
		9E511B4E3783A9B808CFFE77 /* MoviesView.swift in Sources */ = {isa = PBXBuildFile; fileRef = 0E0FF14397244C38E85CF87E /* MoviesView.swift */; };
		9FB598D1266B81038A329F94 /* LiveView.swift in Sources */ = {isa = PBXBuildFile; fileRef = 546FDFF8B52B07D3B7696045 /* LiveView.swift */; };
		A9A038BEC9BA30AB24797792 /* RootTabView.swift in Sources */ = {isa = PBXBuildFile; fileRef = 6DF4560010A79FA6DF0E0019 /* RootTabView.swift */; };
		AA08076BBB5B5AC4094DDB5A /* SeriesView.swift in Sources */ = {isa = PBXBuildFile; fileRef = E2FD560C8EA2A56766E5A42D /* SeriesView.swift */; };
		B8A0B98F92B0C822CA5CAAA2 /* SearchView.swift in Sources */ = {isa = PBXBuildFile; fileRef = 5BAC781A0B0EAD1163275E5F /* SearchView.swift */; };
		BFCDFD01E0A9F2E9C0558AF5 /* LauncherView.swift in Sources */ = {isa = PBXBuildFile; fileRef = D42D9932A979E7813202E7EE /* LauncherView.swift */; };
		C0A550000000000000000001 /* PrivacyInfo.xcprivacy in Resources */ = {isa = PBXBuildFile; fileRef = C0A550000000000000000002 /* PrivacyInfo.xcprivacy */; };
		C8936E15B4D116F6B9334AC2 /* LibraryViewModel.swift in Sources */ = {isa = PBXBuildFile; fileRef = 0B2079CA5DB27545B557C772 /* LibraryViewModel.swift */; };
		CF0898F4592B568504A7E639 /* XtreamClient.swift in Sources */ = {isa = PBXBuildFile; fileRef = E4F1E589AE63711E1775858E /* XtreamClient.swift */; };
		A21000000000000000000001 /* APIModels.swift in Sources */ = {isa = PBXBuildFile; fileRef = A21100000000000000000001 /* APIModels.swift */; };
		A21000000000000000000002 /* APIError.swift in Sources */ = {isa = PBXBuildFile; fileRef = A21100000000000000000002 /* APIError.swift */; };
		A21000000000000000000003 /* GhostStreamAPIClient.swift in Sources */ = {isa = PBXBuildFile; fileRef = A21100000000000000000003 /* GhostStreamAPIClient.swift */; };
		A21000000000000000000004 /* SessionVault.swift in Sources */ = {isa = PBXBuildFile; fileRef = A21100000000000000000004 /* SessionVault.swift */; };
		A21000000000000000000005 /* DeviceModels.swift in Sources */ = {isa = PBXBuildFile; fileRef = A21300000000000000000001 /* DeviceModels.swift */; };
		A21000000000000000000006 /* DeviceIdentityService.swift in Sources */ = {isa = PBXBuildFile; fileRef = A21300000000000000000002 /* DeviceIdentityService.swift */; };
		A21000000000000000000007 /* AppleSignInCoordinator.swift in Sources */ = {isa = PBXBuildFile; fileRef = A21100000000000000000005 /* AppleSignInCoordinator.swift */; };
		A21000000000000000000008 /* AccountStore.swift in Sources */ = {isa = PBXBuildFile; fileRef = A21100000000000000000006 /* AccountStore.swift */; };
		A21000000000000000000009 /* AuthView.swift in Sources */ = {isa = PBXBuildFile; fileRef = A21100000000000000000007 /* AuthView.swift */; };
		A21500000000000000000001 /* GhostStreamNavigation.swift in Sources */ = {isa = PBXBuildFile; fileRef = A21600000000000000000001 /* GhostStreamNavigation.swift */; };
		A21500000000000000000002 /* GhostStreamShellView.swift in Sources */ = {isa = PBXBuildFile; fileRef = A21600000000000000000002 /* GhostStreamShellView.swift */; };
		A21500000000000000000003 /* DashboardModels.swift in Sources */ = {isa = PBXBuildFile; fileRef = A21600000000000000000003 /* DashboardModels.swift */; };
		A21500000000000000000004 /* GhostDashboardView.swift in Sources */ = {isa = PBXBuildFile; fileRef = A21600000000000000000004 /* GhostDashboardView.swift */; };
		A21500000000000000000005 /* GhostLibraryHubView.swift in Sources */ = {isa = PBXBuildFile; fileRef = A21600000000000000000005 /* GhostLibraryHubView.swift */; };
		A21500000000000000000006 /* GhostMoreView.swift in Sources */ = {isa = PBXBuildFile; fileRef = A21600000000000000000006 /* GhostMoreView.swift */; };
		A21B00000000000000000001 /* CloudSourceProfile.swift in Sources */ = {isa = PBXBuildFile; fileRef = A21C00000000000000000001 /* CloudSourceProfile.swift */; };
		A21B00000000000000000002 /* SourceMigrationCoordinator.swift in Sources */ = {isa = PBXBuildFile; fileRef = A21C00000000000000000002 /* SourceMigrationCoordinator.swift */; };
		A21E00000000000000000001 /* PlaybackProgressStore.swift in Sources */ = {isa = PBXBuildFile; fileRef = A21F00000000000000000001 /* PlaybackProgressStore.swift */; };
		A21E00000000000000000002 /* ActivityStore.swift in Sources */ = {isa = PBXBuildFile; fileRef = A21F00000000000000000002 /* ActivityStore.swift */; };
		A21E00000000000000000003 /* SyncEngine.swift in Sources */ = {isa = PBXBuildFile; fileRef = A21F00000000000000000003 /* SyncEngine.swift */; };
		A21E00000000000000000004 /* GlobalDeletionCoordinator.swift in Sources */ = {isa = PBXBuildFile; fileRef = A21F00000000000000000004 /* GlobalDeletionCoordinator.swift */; };
		A23000000000000000000001 /* PairingService.swift in Sources */ = {isa = PBXBuildFile; fileRef = A23100000000000000000001 /* PairingService.swift */; };
		A23000000000000000000002 /* QRCodeScannerView.swift in Sources */ = {isa = PBXBuildFile; fileRef = A23100000000000000000002 /* QRCodeScannerView.swift */; };
		A23000000000000000000003 /* PairDeviceView.swift in Sources */ = {isa = PBXBuildFile; fileRef = A23100000000000000000003 /* PairDeviceView.swift */; };
		A23000000000000000000004 /* DevicesView.swift in Sources */ = {isa = PBXBuildFile; fileRef = A23100000000000000000004 /* DevicesView.swift */; };
		A23000000000000000000005 /* CredentialEnvelope.swift in Sources */ = {isa = PBXBuildFile; fileRef = A23100000000000000000005 /* CredentialEnvelope.swift */; };
		A23000000000000000000006 /* CredentialTransferService.swift in Sources */ = {isa = PBXBuildFile; fileRef = A23100000000000000000006 /* CredentialTransferService.swift */; };
		A23000000000000000000007 /* DeviceDetailView.swift in Sources */ = {isa = PBXBuildFile; fileRef = A23100000000000000000007 /* DeviceDetailView.swift */; };
		A24000000000000000000001 /* DiagnosticModels.swift in Sources */ = {isa = PBXBuildFile; fileRef = A24100000000000000000001 /* DiagnosticModels.swift */; };
		A24000000000000000000002 /* HealthScoreCalculator.swift in Sources */ = {isa = PBXBuildFile; fileRef = A24100000000000000000002 /* HealthScoreCalculator.swift */; };
/* End PBXBuildFile section */

/* Begin PBXFileReference section */
		0116864A4991DFFC41B27342 /* M3UParser.swift */ = {isa = PBXFileReference; lastKnownFileType = sourcecode.swift; path = M3UParser.swift; sourceTree = "<group>"; };
		0B2079CA5DB27545B557C772 /* LibraryViewModel.swift */ = {isa = PBXFileReference; lastKnownFileType = sourcecode.swift; path = LibraryViewModel.swift; sourceTree = "<group>"; };
		0E0FF14397244C38E85CF87E /* MoviesView.swift */ = {isa = PBXFileReference; lastKnownFileType = sourcecode.swift; path = MoviesView.swift; sourceTree = "<group>"; };
		1256E40E36F186CC87D976A5 /* EPGService.swift */ = {isa = PBXFileReference; lastKnownFileType = sourcecode.swift; path = EPGService.swift; sourceTree = "<group>"; };
		38ED30322495D02C679CFD76 /* Info.plist */ = {isa = PBXFileReference; lastKnownFileType = text.plist.xml; path = Info.plist; sourceTree = "<group>"; };
		546FDFF8B52B07D3B7696045 /* LiveView.swift */ = {isa = PBXFileReference; lastKnownFileType = sourcecode.swift; path = LiveView.swift; sourceTree = "<group>"; };
		58DADF4F1AC2BD60DF42DEBC /* SourceStore.swift */ = {isa = PBXFileReference; lastKnownFileType = sourcecode.swift; path = SourceStore.swift; sourceTree = "<group>"; };
		5BAC781A0B0EAD1163275E5F /* SearchView.swift */ = {isa = PBXFileReference; lastKnownFileType = sourcecode.swift; path = SearchView.swift; sourceTree = "<group>"; };
		5BCB2816522A6FCAB2F84E27 /* GhostStreamApp.swift */ = {isa = PBXFileReference; lastKnownFileType = sourcecode.swift; path = GhostStreamApp.swift; sourceTree = "<group>"; };
		6DF4560010A79FA6DF0E0019 /* RootTabView.swift */ = {isa = PBXFileReference; lastKnownFileType = sourcecode.swift; path = RootTabView.swift; sourceTree = "<group>"; };
		8B40A3F1CAC9ADB66B78DD5C /* Assets.xcassets */ = {isa = PBXFileReference; lastKnownFileType = folder.assetcatalog; path = Assets.xcassets; sourceTree = "<group>"; };
		91BB7AD5BE44512920CD5812 /* Models.swift */ = {isa = PBXFileReference; lastKnownFileType = sourcecode.swift; path = Models.swift; sourceTree = "<group>"; };
		AEBD7ABF0B189310FBC1620B /* XMLTVParser.swift */ = {isa = PBXFileReference; lastKnownFileType = sourcecode.swift; path = XMLTVParser.swift; sourceTree = "<group>"; };
		AEF63687048485D45524643C /* GhostStream.app */ = {isa = PBXFileReference; explicitFileType = wrapper.application; includeInIndex = 0; path = GhostStream.app; sourceTree = BUILT_PRODUCTS_DIR; };
		C0A550000000000000000002 /* PrivacyInfo.xcprivacy */ = {isa = PBXFileReference; lastKnownFileType = text.plist.xml; path = PrivacyInfo.xcprivacy; sourceTree = "<group>"; };
		D42D9932A979E7813202E7EE /* LauncherView.swift */ = {isa = PBXFileReference; lastKnownFileType = sourcecode.swift; path = LauncherView.swift; sourceTree = "<group>"; };
		E2FD560C8EA2A56766E5A42D /* SeriesView.swift */ = {isa = PBXFileReference; lastKnownFileType = sourcecode.swift; path = SeriesView.swift; sourceTree = "<group>"; };
		E3B8D35015B029EB3C717C3D /* AddSourceView.swift */ = {isa = PBXFileReference; lastKnownFileType = sourcecode.swift; path = AddSourceView.swift; sourceTree = "<group>"; };
		E4F1E589AE63711E1775858E /* XtreamClient.swift */ = {isa = PBXFileReference; lastKnownFileType = sourcecode.swift; path = XtreamClient.swift; sourceTree = "<group>"; };
		EE9E66AA3FCE026147ED046E /* PlayerView.swift */ = {isa = PBXFileReference; lastKnownFileType = sourcecode.swift; path = PlayerView.swift; sourceTree = "<group>"; };
		FCEE4B0ED57BB0051A743DCC /* SettingsView.swift */ = {isa = PBXFileReference; lastKnownFileType = sourcecode.swift; path = SettingsView.swift; sourceTree = "<group>"; };
		A21100000000000000000001 /* APIModels.swift */ = {isa = PBXFileReference; lastKnownFileType = sourcecode.swift; path = APIModels.swift; sourceTree = "<group>"; };
		A21100000000000000000002 /* APIError.swift */ = {isa = PBXFileReference; lastKnownFileType = sourcecode.swift; path = APIError.swift; sourceTree = "<group>"; };
		A21100000000000000000003 /* GhostStreamAPIClient.swift */ = {isa = PBXFileReference; lastKnownFileType = sourcecode.swift; path = GhostStreamAPIClient.swift; sourceTree = "<group>"; };
		A21100000000000000000004 /* SessionVault.swift */ = {isa = PBXFileReference; lastKnownFileType = sourcecode.swift; path = SessionVault.swift; sourceTree = "<group>"; };
		A21300000000000000000001 /* DeviceModels.swift */ = {isa = PBXFileReference; lastKnownFileType = sourcecode.swift; path = DeviceModels.swift; sourceTree = "<group>"; };
		A21300000000000000000002 /* DeviceIdentityService.swift */ = {isa = PBXFileReference; lastKnownFileType = sourcecode.swift; path = DeviceIdentityService.swift; sourceTree = "<group>"; };
		A21100000000000000000005 /* AppleSignInCoordinator.swift */ = {isa = PBXFileReference; lastKnownFileType = sourcecode.swift; path = AppleSignInCoordinator.swift; sourceTree = "<group>"; };
		A21100000000000000000006 /* AccountStore.swift */ = {isa = PBXFileReference; lastKnownFileType = sourcecode.swift; path = AccountStore.swift; sourceTree = "<group>"; };
		A21100000000000000000007 /* AuthView.swift */ = {isa = PBXFileReference; lastKnownFileType = sourcecode.swift; path = AuthView.swift; sourceTree = "<group>"; };
		A21600000000000000000001 /* GhostStreamNavigation.swift */ = {isa = PBXFileReference; lastKnownFileType = sourcecode.swift; path = GhostStreamNavigation.swift; sourceTree = "<group>"; };
		A21600000000000000000002 /* GhostStreamShellView.swift */ = {isa = PBXFileReference; lastKnownFileType = sourcecode.swift; path = GhostStreamShellView.swift; sourceTree = "<group>"; };
		A21600000000000000000003 /* DashboardModels.swift */ = {isa = PBXFileReference; lastKnownFileType = sourcecode.swift; path = DashboardModels.swift; sourceTree = "<group>"; };
		A21600000000000000000004 /* GhostDashboardView.swift */ = {isa = PBXFileReference; lastKnownFileType = sourcecode.swift; path = GhostDashboardView.swift; sourceTree = "<group>"; };
		A21600000000000000000005 /* GhostLibraryHubView.swift */ = {isa = PBXFileReference; lastKnownFileType = sourcecode.swift; path = GhostLibraryHubView.swift; sourceTree = "<group>"; };
		A21600000000000000000006 /* GhostMoreView.swift */ = {isa = PBXFileReference; lastKnownFileType = sourcecode.swift; path = GhostMoreView.swift; sourceTree = "<group>"; };
		A21C00000000000000000001 /* CloudSourceProfile.swift */ = {isa = PBXFileReference; lastKnownFileType = sourcecode.swift; path = CloudSourceProfile.swift; sourceTree = "<group>"; };
		A21C00000000000000000002 /* SourceMigrationCoordinator.swift */ = {isa = PBXFileReference; lastKnownFileType = sourcecode.swift; path = SourceMigrationCoordinator.swift; sourceTree = "<group>"; };
		A21F00000000000000000001 /* PlaybackProgressStore.swift */ = {isa = PBXFileReference; lastKnownFileType = sourcecode.swift; path = PlaybackProgressStore.swift; sourceTree = "<group>"; };
		A21F00000000000000000002 /* ActivityStore.swift */ = {isa = PBXFileReference; lastKnownFileType = sourcecode.swift; path = ActivityStore.swift; sourceTree = "<group>"; };
		A21F00000000000000000003 /* SyncEngine.swift */ = {isa = PBXFileReference; lastKnownFileType = sourcecode.swift; path = SyncEngine.swift; sourceTree = "<group>"; };
		A21F00000000000000000004 /* GlobalDeletionCoordinator.swift */ = {isa = PBXFileReference; lastKnownFileType = sourcecode.swift; path = GlobalDeletionCoordinator.swift; sourceTree = "<group>"; };
		A23100000000000000000001 /* PairingService.swift */ = {isa = PBXFileReference; lastKnownFileType = sourcecode.swift; path = PairingService.swift; sourceTree = "<group>"; };
		A23100000000000000000002 /* QRCodeScannerView.swift */ = {isa = PBXFileReference; lastKnownFileType = sourcecode.swift; path = QRCodeScannerView.swift; sourceTree = "<group>"; };
		A23100000000000000000003 /* PairDeviceView.swift */ = {isa = PBXFileReference; lastKnownFileType = sourcecode.swift; path = PairDeviceView.swift; sourceTree = "<group>"; };
		A23100000000000000000004 /* DevicesView.swift */ = {isa = PBXFileReference; lastKnownFileType = sourcecode.swift; path = DevicesView.swift; sourceTree = "<group>"; };
		A23100000000000000000005 /* CredentialEnvelope.swift */ = {isa = PBXFileReference; lastKnownFileType = sourcecode.swift; path = CredentialEnvelope.swift; sourceTree = "<group>"; };
		A23100000000000000000006 /* CredentialTransferService.swift */ = {isa = PBXFileReference; lastKnownFileType = sourcecode.swift; path = CredentialTransferService.swift; sourceTree = "<group>"; };
		A23100000000000000000007 /* DeviceDetailView.swift */ = {isa = PBXFileReference; lastKnownFileType = sourcecode.swift; path = DeviceDetailView.swift; sourceTree = "<group>"; };
		A24100000000000000000001 /* DiagnosticModels.swift */ = {isa = PBXFileReference; lastKnownFileType = sourcecode.swift; path = DiagnosticModels.swift; sourceTree = "<group>"; };
		A24100000000000000000002 /* HealthScoreCalculator.swift */ = {isa = PBXFileReference; lastKnownFileType = sourcecode.swift; path = HealthScoreCalculator.swift; sourceTree = "<group>"; };
/* End PBXFileReference section */

/* Begin PBXFrameworksBuildPhase section */
		7561BFB015D8F536760CB671 /* Frameworks */ = {
			isa = PBXFrameworksBuildPhase;
			buildActionMask = 2147483647;
			files = (
			);
			runOnlyForDeploymentPostprocessing = 0;
		};
/* End PBXFrameworksBuildPhase section */

/* Begin PBXGroup section */
		A22000000000000000000001 /* Activity */ = {
			isa = PBXGroup;
			children = (
				A21F00000000000000000001 /* PlaybackProgressStore.swift */,
				A21F00000000000000000002 /* ActivityStore.swift */,
			);
			path = Activity;
			sourceTree = "<group>";
		};
		A22100000000000000000001 /* Sync */ = {
			isa = PBXGroup;
			children = (
				A21F00000000000000000003 /* SyncEngine.swift */,
			);
			path = Sync;
			sourceTree = "<group>";
		};

		A21D00000000000000000001 /* Sources */ = {
			isa = PBXGroup;
			children = (
				A21C00000000000000000001 /* CloudSourceProfile.swift */,
				A21C00000000000000000002 /* SourceMigrationCoordinator.swift */,
			);
			path = Sources;
			sourceTree = "<group>";
		};

		A21700000000000000000001 /* Shell */ = {
			isa = PBXGroup;
			children = (
				A21600000000000000000001 /* GhostStreamNavigation.swift */,
				A21600000000000000000002 /* GhostStreamShellView.swift */,
			);
			path = Shell;
			sourceTree = "<group>";
		};
		A21800000000000000000001 /* Dashboard */ = {
			isa = PBXGroup;
			children = (
				A21600000000000000000003 /* DashboardModels.swift */,
				A21600000000000000000004 /* GhostDashboardView.swift */,
			);
			path = Dashboard;
			sourceTree = "<group>";
		};
		A21900000000000000000001 /* Library */ = {
			isa = PBXGroup;
			children = (
				A21600000000000000000005 /* GhostLibraryHubView.swift */,
			);
			path = Library;
			sourceTree = "<group>";
		};
		A21A00000000000000000001 /* More */ = {
			isa = PBXGroup;
			children = (
				A21600000000000000000006 /* GhostMoreView.swift */,
			);
			path = More;
			sourceTree = "<group>";
		};

		A24200000000000000000001 /* Intelligence */ = {
			isa = PBXGroup;
			children = (
				A24100000000000000000001 /* DiagnosticModels.swift */,
				A24100000000000000000002 /* HealthScoreCalculator.swift */,
			);
			path = Intelligence;
			sourceTree = "<group>";
		};

		A21400000000000000000001 /* Devices */ = {
			isa = PBXGroup;
			children = (
				A21300000000000000000001 /* DeviceModels.swift */,
				A21300000000000000000002 /* DeviceIdentityService.swift */,
				A23100000000000000000001 /* PairingService.swift */,
				A23100000000000000000002 /* QRCodeScannerView.swift */,
				A23100000000000000000003 /* PairDeviceView.swift */,
				A23100000000000000000004 /* DevicesView.swift */,
				A23100000000000000000005 /* CredentialEnvelope.swift */,
				A23100000000000000000006 /* CredentialTransferService.swift */,
				A23100000000000000000007 /* DeviceDetailView.swift */,
			);
			path = Devices;
			sourceTree = "<group>";
		};

		A21200000000000000000001 /* Account */ = {
			isa = PBXGroup;
			children = (
				A21100000000000000000001 /* APIModels.swift */,
				A21100000000000000000002 /* APIError.swift */,
				A21100000000000000000003 /* GhostStreamAPIClient.swift */,
				A21100000000000000000004 /* SessionVault.swift */,
				A21100000000000000000005 /* AppleSignInCoordinator.swift */,
				A21100000000000000000006 /* AccountStore.swift */,
				A21100000000000000000007 /* AuthView.swift */,
				A21F00000000000000000004 /* GlobalDeletionCoordinator.swift */,
			);
			path = Account;
			sourceTree = "<group>";
		};

		01DF8015EE6D9F0C332DD0E1 /* Models */ = {
			isa = PBXGroup;
			children = (
				91BB7AD5BE44512920CD5812 /* Models.swift */,
			);
			path = Models;
			sourceTree = "<group>";
		};
		021F2B7F3E0C61452C987484 /* Products */ = {
			isa = PBXGroup;
			children = (
				AEF63687048485D45524643C /* GhostStream.app */,
			);
			name = Products;
			sourceTree = "<group>";
		};
		13E05BA0FC7CEA2BAFB34646 /* Parsers */ = {
			isa = PBXGroup;
			children = (
				0116864A4991DFFC41B27342 /* M3UParser.swift */,
				AEBD7ABF0B189310FBC1620B /* XMLTVParser.swift */,
			);
			path = Parsers;
			sourceTree = "<group>";
		};
		1DF401F405384E02A0BF02D3 /* GhostStream */ = {
			isa = PBXGroup;
			children = (
				5BCB2816522A6FCAB2F84E27 /* GhostStreamApp.swift */,
				A21200000000000000000001 /* Account */,
				A21400000000000000000001 /* Devices */,
				A24200000000000000000001 /* Intelligence */,
				A21700000000000000000001 /* Shell */,
				A21800000000000000000001 /* Dashboard */,
				A21900000000000000000001 /* Library */,
				A21A00000000000000000001 /* More */,
				A21D00000000000000000001 /* Sources */,
				A22000000000000000000001 /* Activity */,
				A22100000000000000000001 /* Sync */,
				01DF8015EE6D9F0C332DD0E1 /* Models */,
				13E05BA0FC7CEA2BAFB34646 /* Parsers */,
				5B946EAFAAE425F193DB993E /* Services */,
				78CD77871CED20D9BA05B8C8 /* Views */,
				8B40A3F1CAC9ADB66B78DD5C /* Assets.xcassets */,
				38ED30322495D02C679CFD76 /* Info.plist */,
				C0A550000000000000000002 /* PrivacyInfo.xcprivacy */,
			);
			path = GhostStream;
			sourceTree = "<group>";
		};
		5B946EAFAAE425F193DB993E /* Services */ = {
			isa = PBXGroup;
			children = (
				1256E40E36F186CC87D976A5 /* EPGService.swift */,
				0B2079CA5DB27545B557C772 /* LibraryViewModel.swift */,
				58DADF4F1AC2BD60DF42DEBC /* SourceStore.swift */,
				E4F1E589AE63711E1775858E /* XtreamClient.swift */,
			);
			path = Services;
			sourceTree = "<group>";
		};
		6CFC827E67DCAE34C72B9CED = {
			isa = PBXGroup;
			children = (
				1DF401F405384E02A0BF02D3 /* GhostStream */,
				A1B2C3D4E5F60718293A4B5E /* Frameworks */,
				021F2B7F3E0C61452C987484 /* Products */,
			);
			sourceTree = "<group>";
		};
		78CD77871CED20D9BA05B8C8 /* Views */ = {
			isa = PBXGroup;
			children = (
				E3B8D35015B029EB3C717C3D /* AddSourceView.swift */,
				546FDFF8B52B07D3B7696045 /* LiveView.swift */,
				0E0FF14397244C38E85CF87E /* MoviesView.swift */,
				EE9E66AA3FCE026147ED046E /* PlayerView.swift */,
				6DF4560010A79FA6DF0E0019 /* RootTabView.swift */,
				5BAC781A0B0EAD1163275E5F /* SearchView.swift */,
				E2FD560C8EA2A56766E5A42D /* SeriesView.swift */,
				FCEE4B0ED57BB0051A743DCC /* SettingsView.swift */,
				D42D9932A979E7813202E7EE /* LauncherView.swift */,
			);
			path = Views;
			sourceTree = "<group>";
		};
		A1B2C3D4E5F60718293A4B5E /* Frameworks */ = {
			isa = PBXGroup;
			children = (
			);
			path = Frameworks;
			sourceTree = "<group>";
		};
/* End PBXGroup section */

/* Begin PBXNativeTarget section */
		0E8A3AD980EC179856012B7E /* GhostStream */ = {
			isa = PBXNativeTarget;
			buildConfigurationList = 219540576D1D9E411C8A0B0B /* Build configuration list for PBXNativeTarget "GhostStream" */;
			buildPhases = (
				BCE16DD0260827ECF338C787 /* Sources */,
				7561BFB015D8F536760CB671 /* Frameworks */,
				0189424A5A60FED329FA868E /* Resources */,
				C20000000000000000000002 /* Embed MobileVLCKit */,
			);
			buildRules = (
			);
			dependencies = (
			);
			name = GhostStream;
			productName = GhostStream;
			productReference = AEF63687048485D45524643C /* GhostStream.app */;
			productType = "com.apple.product-type.application";
		};
/* End PBXNativeTarget section */

/* Begin PBXProject section */
		98F54143AB4E86B28C3AFEE0 /* Project object */ = {
			isa = PBXProject;
			attributes = {
				BuildIndependentTargetsInParallel = 1;
				KnownAssetTags = (
					New,
				);
				LastSwiftUpdateCheck = 2660;
				LastUpgradeCheck = 2660;
				TargetAttributes = {
					0E8A3AD980EC179856012B7E = {
						CreatedOnToolsVersion = 26.6;
					};
				};
			};
			buildConfigurationList = 50DCA106C653CA0CF8C7DCE9 /* Build configuration list for PBXProject "GhostStream" */;
			compatibilityVersion = "Xcode 14.0";
			developmentRegion = en;
			hasScannedForEncodings = 0;
			knownRegions = (
				en,
				Base,
			);
			mainGroup = 6CFC827E67DCAE34C72B9CED;
			productRefGroup = 021F2B7F3E0C61452C987484 /* Products */;
			projectDirPath = "";
			projectRoot = "";
			targets = (
				0E8A3AD980EC179856012B7E /* GhostStream */,
			);
		};
/* End PBXProject section */

/* Begin PBXResourcesBuildPhase section */
		0189424A5A60FED329FA868E /* Resources */ = {
			isa = PBXResourcesBuildPhase;
			buildActionMask = 2147483647;
			files = (
				7F541BB7BBCE1C0E2C548264 /* Assets.xcassets in Resources */,
				C0A550000000000000000001 /* PrivacyInfo.xcprivacy in Resources */,
			);
			runOnlyForDeploymentPostprocessing = 0;
		};
/* End PBXResourcesBuildPhase section */

/* Begin PBXShellScriptBuildPhase section */
		C20000000000000000000002 /* Embed MobileVLCKit */ = {
			isa = PBXShellScriptBuildPhase;
			alwaysOutOfDate = 1;
			buildActionMask = 2147483647;
			files = (
			);
			inputPaths = (
			);
			name = "Embed MobileVLCKit";
			outputPaths = (
			);
			runOnlyForDeploymentPostprocessing = 0;
			shellPath = /bin/sh;
			shellScript = "\"${SRCROOT}/Scripts/embed-mobilevlckit.sh\"";
		};
/* End PBXShellScriptBuildPhase section */

/* Begin PBXSourcesBuildPhase section */
		BCE16DD0260827ECF338C787 /* Sources */ = {
			isa = PBXSourcesBuildPhase;
			buildActionMask = 2147483647;
			files = (
				18BE0E1D854B7320356873DA /* GhostStreamApp.swift in Sources */,
				A21000000000000000000001 /* APIModels.swift in Sources */,
				A21000000000000000000002 /* APIError.swift in Sources */,
				A21000000000000000000003 /* GhostStreamAPIClient.swift in Sources */,
				A21000000000000000000004 /* SessionVault.swift in Sources */,
				A21000000000000000000005 /* DeviceModels.swift in Sources */,
				A21000000000000000000006 /* DeviceIdentityService.swift in Sources */,
				A21000000000000000000007 /* AppleSignInCoordinator.swift in Sources */,
				A21000000000000000000008 /* AccountStore.swift in Sources */,
				A21000000000000000000009 /* AuthView.swift in Sources */,
				A21500000000000000000001 /* GhostStreamNavigation.swift in Sources */,
				A21500000000000000000002 /* GhostStreamShellView.swift in Sources */,
				A21500000000000000000003 /* DashboardModels.swift in Sources */,
				A21500000000000000000004 /* GhostDashboardView.swift in Sources */,
				A21500000000000000000005 /* GhostLibraryHubView.swift in Sources */,
				A21500000000000000000006 /* GhostMoreView.swift in Sources */,
				A21B00000000000000000001 /* CloudSourceProfile.swift in Sources */,
				A21B00000000000000000002 /* SourceMigrationCoordinator.swift in Sources */,
				A21E00000000000000000001 /* PlaybackProgressStore.swift in Sources */,
				A21E00000000000000000002 /* ActivityStore.swift in Sources */,
				A21E00000000000000000003 /* SyncEngine.swift in Sources */,
				A21E00000000000000000004 /* GlobalDeletionCoordinator.swift in Sources */,
				A23000000000000000000001 /* PairingService.swift in Sources */,
				A23000000000000000000002 /* QRCodeScannerView.swift in Sources */,
				A23000000000000000000003 /* PairDeviceView.swift in Sources */,
				A23000000000000000000004 /* DevicesView.swift in Sources */,
				A23000000000000000000005 /* CredentialEnvelope.swift in Sources */,
				A23000000000000000000006 /* CredentialTransferService.swift in Sources */,
				A23000000000000000000007 /* DeviceDetailView.swift in Sources */,
				A24000000000000000000001 /* DiagnosticModels.swift in Sources */,
				A24000000000000000000002 /* HealthScoreCalculator.swift in Sources */,
				2B8C31B60A05F3407C35F959 /* Models.swift in Sources */,
				7235D49FF354FDAEE68BBE3A /* M3UParser.swift in Sources */,
				9522E524FCA2A4755A9C620A /* XMLTVParser.swift in Sources */,
				6EC61BAC065F1070F661FCB0 /* EPGService.swift in Sources */,
				C8936E15B4D116F6B9334AC2 /* LibraryViewModel.swift in Sources */,
				4F57F14E413232F6762F76E7 /* SourceStore.swift in Sources */,
				CF0898F4592B568504A7E639 /* XtreamClient.swift in Sources */,
				03FA7B28589CF492CC97924C /* AddSourceView.swift in Sources */,
				9FB598D1266B81038A329F94 /* LiveView.swift in Sources */,
				9E511B4E3783A9B808CFFE77 /* MoviesView.swift in Sources */,
				692EC077804DA7D260F15CDB /* PlayerView.swift in Sources */,
				A9A038BEC9BA30AB24797792 /* RootTabView.swift in Sources */,
				B8A0B98F92B0C822CA5CAAA2 /* SearchView.swift in Sources */,
				AA08076BBB5B5AC4094DDB5A /* SeriesView.swift in Sources */,
				87E8A9D4E606AF8886128593 /* SettingsView.swift in Sources */,
				BFCDFD01E0A9F2E9C0558AF5 /* LauncherView.swift in Sources */,
			);
			runOnlyForDeploymentPostprocessing = 0;
		};
/* End PBXSourcesBuildPhase section */

/* Begin XCBuildConfiguration section */
		08488492B02298C01BE290FC /* Debug */ = {
			isa = XCBuildConfiguration;
			buildSettings = {
				ASSETCATALOG_COMPILER_APPICON_NAME = AppIcon;
				ASSETCATALOG_COMPILER_GLOBAL_ACCENT_COLOR_NAME = AccentColor;
				CODE_SIGN_STYLE = Automatic;
				CURRENT_PROJECT_VERSION = 1;
				DEVELOPMENT_TEAM = 2A9SVB2TBT;
				ENABLE_PREVIEWS = YES;
				ENABLE_USER_SCRIPT_SANDBOXING = NO;
				FRAMEWORK_SEARCH_PATHS = "$(inherited)";
				"FRAMEWORK_SEARCH_PATHS[sdk=iphoneos*]" = "$(PROJECT_DIR)/Frameworks/MobileVLCKit.xcframework/ios-arm64_armv7_armv7s";
				"FRAMEWORK_SEARCH_PATHS[sdk=iphonesimulator*]" = "$(PROJECT_DIR)/Frameworks/MobileVLCKit.xcframework/ios-arm64_i386_x86_64-simulator";
				GENERATE_INFOPLIST_FILE = NO;
				INFOPLIST_FILE = GhostStream/Info.plist;
				INFOPLIST_KEY_LSApplicationCategoryType = "public.app-category.utilities";
				INFOPLIST_KEY_UILaunchScreen_Generation = YES;
				LD_RUNPATH_SEARCH_PATHS = (
					"$(inherited)",
					"@executable_path/Frameworks",
				);
				MARKETING_VERSION = 1.0;
				OTHER_LDFLAGS = (
					"$(inherited)",
					"-framework",
					MobileVLCKit,
					"-framework",
					QuartzCore,
					"-framework",
					CoreText,
					"-framework",
					AVFoundation,
					"-framework",
					Security,
					"-framework",
					CFNetwork,
					"-framework",
					AudioToolbox,
					"-framework",
					OpenGLES,
					"-framework",
					CoreGraphics,
					"-framework",
					VideoToolbox,
					"-framework",
					CoreMedia,
					"-lc++",
					"-lxml2",
					"-lz",
					"-lbz2",
					"-liconv",
				);
				PRODUCT_BUNDLE_IDENTIFIER = com.ghostapk.ghoststream.ios;
				PRODUCT_NAME = "$(TARGET_NAME)";
				SWIFT_EMIT_LOC_STRINGS = YES;
				SWIFT_STRICT_CONCURRENCY = minimal;
				SWIFT_VERSION = 5.0;
				TARGETED_DEVICE_FAMILY = "1,2";
			};
			name = Debug;
		};
		8871435814844F5947ADBB2C /* Release */ = {
			isa = XCBuildConfiguration;
			buildSettings = {
				ALWAYS_SEARCH_USER_PATHS = NO;
				CLANG_ANALYZER_NONNULL = YES;
				CLANG_ENABLE_MODULES = YES;
				CLANG_ENABLE_OBJC_ARC = YES;
				COPY_PHASE_STRIP = NO;
				DEBUG_INFORMATION_FORMAT = "dwarf-with-dsym";
				ENABLE_NS_ASSERTIONS = NO;
				ENABLE_STRICT_OBJC_MSGSEND = YES;
				GCC_C_LANGUAGE_STANDARD = gnu11;
				GCC_NO_COMMON_BLOCKS = YES;
				IPHONEOS_DEPLOYMENT_TARGET = 16.0;
				MTL_ENABLE_DEBUG_INFO = NO;
				MTL_FAST_MATH = YES;
				SDKROOT = iphoneos;
				SWIFT_COMPILATION_MODE = wholemodule;
				SWIFT_OPTIMIZATION_LEVEL = "-O";
				SWIFT_STRICT_CONCURRENCY = minimal;
				SWIFT_VERSION = 5.0;
				VALIDATE_PRODUCT = YES;
			};
			name = Release;
		};
		96032D14173E56518D3C719C /* Release */ = {
			isa = XCBuildConfiguration;
			buildSettings = {
				ASSETCATALOG_COMPILER_APPICON_NAME = AppIcon;
				ASSETCATALOG_COMPILER_GLOBAL_ACCENT_COLOR_NAME = AccentColor;
				CODE_SIGN_STYLE = Automatic;
				CURRENT_PROJECT_VERSION = 1;
				DEVELOPMENT_TEAM = 2A9SVB2TBT;
				ENABLE_PREVIEWS = YES;
				ENABLE_USER_SCRIPT_SANDBOXING = NO;
				FRAMEWORK_SEARCH_PATHS = "$(inherited)";
				"FRAMEWORK_SEARCH_PATHS[sdk=iphoneos*]" = "$(PROJECT_DIR)/Frameworks/MobileVLCKit.xcframework/ios-arm64_armv7_armv7s";
				"FRAMEWORK_SEARCH_PATHS[sdk=iphonesimulator*]" = "$(PROJECT_DIR)/Frameworks/MobileVLCKit.xcframework/ios-arm64_i386_x86_64-simulator";
				GENERATE_INFOPLIST_FILE = NO;
				INFOPLIST_FILE = GhostStream/Info.plist;
				INFOPLIST_KEY_LSApplicationCategoryType = "public.app-category.utilities";
				INFOPLIST_KEY_UILaunchScreen_Generation = YES;
				LD_RUNPATH_SEARCH_PATHS = (
					"$(inherited)",
					"@executable_path/Frameworks",
				);
				MARKETING_VERSION = 1.0;
				OTHER_LDFLAGS = (
					"$(inherited)",
					"-framework",
					MobileVLCKit,
					"-framework",
					QuartzCore,
					"-framework",
					CoreText,
					"-framework",
					AVFoundation,
					"-framework",
					Security,
					"-framework",
					CFNetwork,
					"-framework",
					AudioToolbox,
					"-framework",
					OpenGLES,
					"-framework",
					CoreGraphics,
					"-framework",
					VideoToolbox,
					"-framework",
					CoreMedia,
					"-lc++",
					"-lxml2",
					"-lz",
					"-lbz2",
					"-liconv",
				);
				PRODUCT_BUNDLE_IDENTIFIER = com.ghostapk.ghoststream.ios;
				PRODUCT_NAME = "$(TARGET_NAME)";
				SWIFT_EMIT_LOC_STRINGS = YES;
				SWIFT_STRICT_CONCURRENCY = minimal;
				SWIFT_VERSION = 5.0;
				TARGETED_DEVICE_FAMILY = "1,2";
			};
			name = Release;
		};
		D877646E137D89570CFB8251 /* Debug */ = {
			isa = XCBuildConfiguration;
			buildSettings = {
				ALWAYS_SEARCH_USER_PATHS = NO;
				CLANG_ANALYZER_NONNULL = YES;
				CLANG_ENABLE_MODULES = YES;
				CLANG_ENABLE_OBJC_ARC = YES;
				COPY_PHASE_STRIP = NO;
				DEBUG_INFORMATION_FORMAT = dwarf;
				ENABLE_STRICT_OBJC_MSGSEND = YES;
				ENABLE_TESTABILITY = YES;
				GCC_C_LANGUAGE_STANDARD = gnu11;
				GCC_DYNAMIC_NO_PIC = NO;
				GCC_NO_COMMON_BLOCKS = YES;
				GCC_OPTIMIZATION_LEVEL = 0;
				GCC_PREPROCESSOR_DEFINITIONS = (
					"DEBUG=1",
					"$(inherited)",
				);
				IPHONEOS_DEPLOYMENT_TARGET = 16.0;
				MTL_ENABLE_DEBUG_INFO = INCLUDE_SOURCE;
				MTL_FAST_MATH = YES;
				ONLY_ACTIVE_ARCH = YES;
				SDKROOT = iphoneos;
				SWIFT_ACTIVE_COMPILATION_CONDITIONS = DEBUG;
				SWIFT_OPTIMIZATION_LEVEL = "-Onone";
				SWIFT_STRICT_CONCURRENCY = minimal;
				SWIFT_VERSION = 5.0;
			};
			name = Debug;
		};
/* End XCBuildConfiguration section */

/* Begin XCConfigurationList section */
		219540576D1D9E411C8A0B0B /* Build configuration list for PBXNativeTarget "GhostStream" */ = {
			isa = XCConfigurationList;
			buildConfigurations = (
				08488492B02298C01BE290FC /* Debug */,
				96032D14173E56518D3C719C /* Release */,
			);
			defaultConfigurationIsVisible = 0;
			defaultConfigurationName = Release;
		};
		50DCA106C653CA0CF8C7DCE9 /* Build configuration list for PBXProject "GhostStream" */ = {
			isa = XCConfigurationList;
			buildConfigurations = (
				D877646E137D89570CFB8251 /* Debug */,
				8871435814844F5947ADBB2C /* Release */,
			);
			defaultConfigurationIsVisible = 0;
			defaultConfigurationName = Release;
		};
/* End XCConfigurationList section */
	};
	rootObject = 98F54143AB4E86B28C3AFEE0 /* Project object */;
}
